
Microsoft Visual Studio Solution File, Format Version 12.00
# Visual Studio Version 16
VisualStudioVersion = 16.0.30804.86
MinimumVisualStudioVersion = 10.0.40219.1
Project("{F2A71F9B-5D33-465A-A702-920D77279786}") = "pineapple-fsharp", "pineapple-fsharp\pineapple-fsharp.fsproj", "{C03540F4-E903-4195-8DBB-DE08F6A220B2}"
EndProject
Global
	GlobalSection(SolutionConfigurationPlatforms) = preSolution
		Debug|Any CPU = Debug|Any CPU
		Release|Any CPU = Release|Any CPU
	EndGlobalSection
	GlobalSection(ProjectConfigurationPlatforms) = postSolution
		{C03540F4-E903-4195-8DBB-DE08F6A220B2}.Debug|Any CPU.ActiveCfg = Debug|Any CPU
		{C03540F4-E903-4195-8DBB-DE08F6A220B2}.Debug|Any CPU.Build.0 = Debug|Any CPU
		{C03540F4-E903-4195-8DBB-DE08F6A220B2}.Release|Any CPU.ActiveCfg = Release|Any CPU
		{C03540F4-E903-4195-8DBB-DE08F6A220B2}.Release|Any CPU.Build.0 = Release|Any CPU
	EndGlobalSection
	GlobalSection(SolutionProperties) = preSolution
		HideSolutionNode = FALSE
	EndGlobalSection
	GlobalSection(ExtensibilityGlobals) = postSolution
		SolutionGuid = {7ED80B3F-DE2B-4D45-B244-1C8BA4D89AA9}
	EndGlobalSection
EndGlobal
